// !$*UTF8*$!
{
	archiveVersion = 1;
	classes = {
	};
	objectVersion = 77;
	objects = {

/* Begin PBXContainerItemProxy section */
		96C7E1802D260F3700AD4C03 /* PBXContainerItemProxy */ = {
			isa = PBXContainerItemProxy;
			containerPortal = 96C7E1662D260F3500AD4C03 /* Project object */;
			proxyType = 1;
			remoteGlobalIDString = 96C7E16D2D260F3500AD4C03;
			remoteInfo = WifiTester;
		};
		96C7E18A2D260F3700AD4C03 /* PBXContainerItemProxy */ = {
			isa = PBXContainerItemProxy;
			containerPortal = 96C7E1662D260F3500AD4C03 /* Project object */;
			proxyType = 1;
			remoteGlobalIDString = 96C7E16D2D260F3500AD4C03;
			remoteInfo = WifiTester;
		};
/* End PBXContainerItemProxy section */

/* Begin PBXFileReference section */
		96C7E16E2D260F3500AD4C03 /* WifiTester.app */ = {isa = PBXFileReference; explicitFileType = wrapper.application; includeInIndex = 0; path = WifiTester.app; sourceTree = BUILT_PRODUCTS_DIR; };
		96C7E17F2D260F3700AD4C03 /* WifiTesterTests.xctest */ = {isa = PBXFileReference; explicitFileType = wrapper.cfbundle; includeInIndex = 0; path = WifiTesterTests.xctest; sourceTree = BUILT_PRODUCTS_DIR; };
		96C7E1892D260F3700AD4C03 /* WifiTesterUITests.xctest */ = {isa = PBXFileReference; explicitFileType = wrapper.cfbundle; includeInIndex = 0; path = WifiTesterUITests.xctest; sourceTree = BUILT_PRODUCTS_DIR; };
/* End PBXFileReference section */

/* Begin PBXFileSystemSynchronizedBuildFileExceptionSet section */
		96C7E19D2D26263E00AD4C03 /* Exceptions for "WifiTester" folder in "WifiTester" target */ = {
			isa = PBXFileSystemSynchronizedBuildFileExceptionSet;
			membershipExceptions = (
				Info.plist,
			);
			target = 96C7E16D2D260F3500AD4C03 /* WifiTester */;
		};
/* End PBXFileSystemSynchronizedBuildFileExceptionSet section */

/* Begin PBXFileSystemSynchronizedRootGroup section */
		96C7E1702D260F3500AD4C03 /* WifiTester */ = {
			isa = PBXFileSystemSynchronizedRootGroup;
			exceptions = (
				96C7E19D2D26263E00AD4C03 /* Exceptions for "WifiTester" folder in "WifiTester" target */,
			);
			path = WifiTester;
			sourceTree = "<group>";
		};
		96C7E1822D260F3700AD4C03 /* WifiTesterTests */ = {
			isa = PBXFileSystemSynchronizedRootGroup;
			path = WifiTesterTests;
			sourceTree = "<group>";
		};
		96C7E18C2D260F3700AD4C03 /* WifiTesterUITests */ = {
			isa = PBXFileSystemSynchronizedRootGroup;
			path = WifiTesterUITests;
			sourceTree = "<group>";
		};
/* End PBXFileSystemSynchronizedRootGroup section */

/* Begin PBXFrameworksBuildPhase section */
		96C7E16B2D260F3500AD4C03 /* Frameworks */ = {
			isa = PBXFrameworksBuildPhase;
			buildActionMask = 2147483647;
			files = (
			);
			runOnlyForDeploymentPostprocessing = 0;
		};
		96C7E17C2D260F3700AD4C03 /* Frameworks */ = {
			isa = PBXFrameworksBuildPhase;
			buildActionMask = 2147483647;
			files = (
			);
			runOnlyForDeploymentPostprocessing = 0;
		};
		96C7E1862D260F3700AD4C03 /* Frameworks */ = {
			isa = PBXFrameworksBuildPhase;
			buildActionMask = 2147483647;
			files = (
			);
			runOnlyForDeploymentPostprocessing = 0;
		};
/* End PBXFrameworksBuildPhase section */

/* Begin PBXGroup section */
		96C7E1652D260F3500AD4C03 = {
			isa = PBXGroup;
			children = (
				96C7E1702D260F3500AD4C03 /* WifiTester */,
				96C7E1822D260F3700AD4C03 /* WifiTesterTests */,
				96C7E18C2D260F3700AD4C03 /* WifiTesterUITests */,
				96C7E16F2D260F3500AD4C03 /* Products */,
			);
			sourceTree = "<group>";
		};
		96C7E16F2D260F3500AD4C03 /* Products */ = {
			isa = PBXGroup;
			children = (
				96C7E16E2D260F3500AD4C03 /* WifiTester.app */,
				96C7E17F2D260F3700AD4C03 /* WifiTesterTests.xctest */,
				96C7E1892D260F3700AD4C03 /* WifiTesterUITests.xctest */,
			);
			name = Products;
			sourceTree = "<group>";
		};
/* End PBXGroup section */

/* Begin PBXNativeTarget section */
		96C7E16D2D260F3500AD4C03 /* WifiTester */ = {
			isa = PBXNativeTarget;
			buildConfigurationList = 96C7E1932D260F3700AD4C03 /* Build configuration list for PBXNativeTarget "WifiTester" */;
			buildPhases = (
				96C7E16A2D260F3500AD4C03 /* Sources */,
				96C7E16B2D260F3500AD4C03 /* Frameworks */,
				96C7E16C2D260F3500AD4C03 /* Resources */,
			);
			buildRules = (
			);
			dependencies = (
			);
			fileSystemSynchronizedGroups = (
				96C7E1702D260F3500AD4C03 /* WifiTester */,
			);
			name = WifiTester;
			packageProductDependencies = (
			);
			productName = WifiTester;
			productReference = 96C7E16E2D260F3500AD4C03 /* WifiTester.app */;
			productType = "com.apple.product-type.application";
		};
		96C7E17E2D260F3700AD4C03 /* WifiTesterTests */ = {
			isa = PBXNativeTarget;
			buildConfigurationList = 96C7E1962D260F3700AD4C03 /* Build configuration list for PBXNativeTarget "WifiTesterTests" */;
			buildPhases = (
				96C7E17B2D260F3700AD4C03 /* Sources */,
				96C7E17C2D260F3700AD4C03 /* Frameworks */,
				96C7E17D2D260F3700AD4C03 /* Resources */,
			);
			buildRules = (
			);
			dependencies = (
				96C7E1812D260F3700AD4C03 /* PBXTargetDependency */,
			);
			fileSystemSynchronizedGroups = (
				96C7E1822D260F3700AD4C03 /* WifiTesterTests */,
			);
			name = WifiTesterTests;
			packageProductDependencies = (
			);
			productName = WifiTesterTests;
			productReference = 96C7E17F2D260F3700AD4C03 /* WifiTesterTests.xctest */;
			productType = "com.apple.product-type.bundle.unit-test";
		};
		96C7E1882D260F3700AD4C03 /* WifiTesterUITests */ = {
			isa = PBXNativeTarget;
			buildConfigurationList = 96C7E1992D260F3700AD4C03 /* Build configuration list for PBXNativeTarget "WifiTesterUITests" */;
			buildPhases = (
				96C7E1852D260F3700AD4C03 /* Sources */,
				96C7E1862D260F3700AD4C03 /* Frameworks */,
				96C7E1872D260F3700AD4C03 /* Resources */,
			);
			buildRules = (
			);
			dependencies = (
				96C7E18B2D260F3700AD4C03 /* PBXTargetDependency */,
			);
			fileSystemSynchronizedGroups = (
				96C7E18C2D260F3700AD4C03 /* WifiTesterUITests */,
			);
			name = WifiTesterUITests;
			packageProductDependencies = (
			);
			productName = WifiTesterUITests;
			productReference = 96C7E1892D260F3700AD4C03 /* WifiTesterUITests.xctest */;
			productType = "com.apple.product-type.bundle.ui-testing";
		};
/* End PBXNativeTarget section */

/* Begin PBXProject section */
		96C7E1662D260F3500AD4C03 /* Project object */ = {
			isa = PBXProject;
			attributes = {
				BuildIndependentTargetsInParallel = 1;
				LastSwiftUpdateCheck = 1620;
				LastUpgradeCheck = 1620;
				TargetAttributes = {
					96C7E16D2D260F3500AD4C03 = {
						CreatedOnToolsVersion = 16.2;
					};
					96C7E17E2D260F3700AD4C03 = {
						CreatedOnToolsVersion = 16.2;
						TestTargetID = 96C7E16D2D260F3500AD4C03;
					};
					96C7E1882D260F3700AD4C03 = {
						CreatedOnToolsVersion = 16.2;
						TestTargetID = 96C7E16D2D260F3500AD4C03;
					};
				};
			};
			buildConfigurationList = 96C7E1692D260F3500AD4C03 /* Build configuration list for PBXProject "WifiTester" */;
			developmentRegion = en;
			hasScannedForEncodings = 0;
			knownRegions = (
				en,
				Base,
			);
			mainGroup = 96C7E1652D260F3500AD4C03;
			minimizedProjectReferenceProxies = 1;
			preferredProjectObjectVersion = 77;
			productRefGroup = 96C7E16F2D260F3500AD4C03 /* Products */;
			projectDirPath = "";
			projectRoot = "";
			targets = (
				96C7E16D2D260F3500AD4C03 /* WifiTester */,
				96C7E17E2D260F3700AD4C03 /* WifiTesterTests */,
				96C7E1882D260F3700AD4C03 /* WifiTesterUITests */,
			);
		};
/* End PBXProject section */

/* Begin PBXResourcesBuildPhase section */
		96C7E16C2D260F3500AD4C03 /* Resources */ = {
			isa = PBXResourcesBuildPhase;
			buildActionMask = 2147483647;
			files = (
			);
			runOnlyForDeploymentPostprocessing = 0;
		};
		96C7E17D2D260F3700AD4C03 /* Resources */ = {
			isa = PBXResourcesBuildPhase;
			buildActionMask = 2147483647;
			files = (
			);
			runOnlyForDeploymentPostprocessing = 0;
		};
		96C7E1872D260F3700AD4C03 /* Resources */ = {
			isa = PBXResourcesBuildPhase;
			buildActionMask = 2147483647;
			files = (
			);
			runOnlyForDeploymentPostprocessing = 0;
		};
/* End PBXResourcesBuildPhase section */

/* Begin PBXSourcesBuildPhase section */
		96C7E16A2D260F3500AD4C03 /* Sources */ = {
			isa = PBXSourcesBuildPhase;
			buildActionMask = 2147483647;
			files = (
			);
			runOnlyForDeploymentPostprocessing = 0;
		};
		96C7E17B2D260F3700AD4C03 /* Sources */ = {
			isa = PBXSourcesBuildPhase;
			buildActionMask = 2147483647;
			files = (
			);
			runOnlyForDeploymentPostprocessing = 0;
		};
		96C7E1852D260F3700AD4C03 /* Sources */ = {
			isa = PBXSourcesBuildPhase;
			buildActionMask = 2147483647;
			files = (
			);
			runOnlyForDeploymentPostprocessing = 0;
		};
/* End PBXSourcesBuildPhase section */

/* Begin PBXTargetDependency section */
		96C7E1812D260F3700AD4C03 /* PBXTargetDependency */ = {
			isa = PBXTargetDependency;
			target = 96C7E16D2D260F3500AD4C03 /* WifiTester */;
			targetProxy = 96C7E1802D260F3700AD4C03 /* PBXContainerItemProxy */;
		};
		96C7E18B2D260F3700AD4C03 /* PBXTargetDependency */ = {
			isa = PBXTargetDependency;
			target = 96C7E16D2D260F3500AD4C03 /* WifiTester */;
			targetProxy = 96C7E18A2D260F3700AD4C03 /* PBXContainerItemProxy */;
		};
/* End PBXTargetDependency section */

/* Begin XCBuildConfiguration section */
		96C7E1912D260F3700AD4C03 /* Debug */ = {
			isa = XCBuildConfiguration;
			buildSettings = {
				ALWAYS_SEARCH_USER_PATHS = NO;
				ASSETCATALOG_COMPILER_GENERATE_SWIFT_ASSET_SYMBOL_EXTENSIONS = YES;
				CLANG_ANALYZER_NONNULL = YES;
				CLANG_ANALYZER_NUMBER_OBJECT_CONVERSION = YES_AGGRESSIVE;
				CLANG_CXX_LANGUAGE_STANDARD = "gnu++20";
				CLANG_ENABLE_MODULES = YES;
				CLANG_ENABLE_OBJC_ARC = YES;
				CLANG_ENABLE_OBJC_WEAK = YES;
				CLANG_WARN_BLOCK_CAPTURE_AUTORELEASING = YES;
				CLANG_WARN_BOOL_CONVERSION = YES;
				CLANG_WARN_COMMA = YES;
				CLANG_WARN_CONSTANT_CONVERSION = YES;
				CLANG_WARN_DEPRECATED_OBJC_IMPLEMENTATIONS = YES;
				CLANG_WARN_DIRECT_OBJC_ISA_USAGE = YES_ERROR;
				CLANG_WARN_DOCUMENTATION_COMMENTS = YES;
				CLANG_WARN_EMPTY_BODY = YES;
				CLANG_WARN_ENUM_CONVERSION = YES;
				CLANG_WARN_INFINITE_RECURSION = YES;
				CLANG_WARN_INT_CONVERSION = YES;
				CLANG_WARN_NON_LITERAL_NULL_CONVERSION = YES;
				CLANG_WARN_OBJC_IMPLICIT_RETAIN_SELF = YES;
				CLANG_WARN_OBJC_LITERAL_CONVERSION = YES;
				CLANG_WARN_OBJC_ROOT_CLASS = YES_ERROR;
				CLANG_WARN_QUOTED_INCLUDE_IN_FRAMEWORK_HEADER = YES;
				CLANG_WARN_RANGE_LOOP_ANALYSIS = YES;
				CLANG_WARN_STRICT_PROTOTYPES = YES;
				CLANG_WARN_SUSPICIOUS_MOVE = YES;
				CLANG_WARN_UNGUARDED_AVAILABILITY = YES_AGGRESSIVE;
				CLANG_WARN_UNREACHABLE_CODE = YES;
				CLANG_WARN__DUPLICATE_METHOD_MATCH = YES;
				COPY_PHASE_STRIP = NO;
				DEBUG_INFORMATION_FORMAT = dwarf;
				ENABLE_STRICT_OBJC_MSGSEND = YES;
				ENABLE_TESTABILITY = YES;
				ENABLE_USER_SCRIPT_SANDBOXING = YES;
				GCC_C_LANGUAGE_STANDARD = gnu17;
				GCC_DYNAMIC_NO_PIC = NO;
				GCC_NO_COMMON_BLOCKS = YES;
				GCC_OPTIMIZATION_LEVEL = 0;
				GCC_PREPROCESSOR_DEFINITIONS = (
					"DEBUG=1",
					"$(inherited)",
				);
				GCC_WARN_64_TO_32_BIT_CONVERSION = YES;
				GCC_WARN_ABOUT_RETURN_TYPE = YES_ERROR;
				GCC_WARN_UNDECLARED_SELECTOR = YES;
				GCC_WARN_UNINITIALIZED_AUTOS = YES_AGGRESSIVE;
				GCC_WARN_UNUSED_FUNCTION = YES;
				GCC_WARN_UNUSED_VARIABLE = YES;
				LOCALIZATION_PREFERS_STRING_CATALOGS = YES;
				MACOSX_DEPLOYMENT_TARGET = 14.6;
				MTL_ENABLE_DEBUG_INFO = INCLUDE_SOURCE;
				MTL_FAST_MATH = YES;
				ONLY_ACTIVE_ARCH = YES;
				SDKROOT = macosx;
				SWIFT_ACTIVE_COMPILATION_CONDITIONS = "DEBUG $(inherited)";
				SWIFT_OPTIMIZATION_LEVEL = "-Onone";
			};
			name = Debug;
		};
		96C7E1922D260F3700AD4C03 /* Release */ = {
			isa = XCBuildConfiguration;
			buildSettings = {
				ALWAYS_SEARCH_USER_PATHS = NO;
				ASSETCATALOG_COMPILER_GENERATE_SWIFT_ASSET_SYMBOL_EXTENSIONS = YES;
				CLANG_ANALYZER_NONNULL = YES;
				CLANG_ANALYZER_NUMBER_OBJECT_CONVERSION = YES_AGGRESSIVE;
				CLANG_CXX_LANGUAGE_STANDARD = "gnu++20";
				CLANG_ENABLE_MODULES = YES;
				CLANG_ENABLE_OBJC_ARC = YES;
				CLANG_ENABLE_OBJC_WEAK = YES;
				CLANG_WARN_BLOCK_CAPTURE_AUTORELEASING = YES;
				CLANG_WARN_BOOL_CONVERSION = YES;
				CLANG_WARN_COMMA = YES;
				CLANG_WARN_CONSTANT_CONVERSION = YES;
				CLANG_WARN_DEPRECATED_OBJC_IMPLEMENTATIONS = YES;
				CLANG_WARN_DIRECT_OBJC_ISA_USAGE = YES_ERROR;
				CLANG_WARN_DOCUMENTATION_COMMENTS = YES;
				CLANG_WARN_EMPTY_BODY = YES;
				CLANG_WARN_ENUM_CONVERSION = YES;
				CLANG_WARN_INFINITE_RECURSION = YES;
				CLANG_WARN_INT_CONVERSION = YES;
				CLANG_WARN_NON_LITERAL_NULL_CONVERSION = YES;
				CLANG_WARN_OBJC_IMPLICIT_RETAIN_SELF = YES;
				CLANG_WARN_OBJC_LITERAL_CONVERSION = YES;
				CLANG_WARN_OBJC_ROOT_CLASS = YES_ERROR;
				CLANG_WARN_QUOTED_INCLUDE_IN_FRAMEWORK_HEADER = YES;
				CLANG_WARN_RANGE_LOOP_ANALYSIS = YES;
				CLANG_WARN_STRICT_PROTOTYPES = YES;
				CLANG_WARN_SUSPICIOUS_MOVE = YES;
				CLANG_WARN_UNGUARDED_AVAILABILITY = YES_AGGRESSIVE;
				CLANG_WARN_UNREACHABLE_CODE = YES;
				CLANG_WARN__DUPLICATE_METHOD_MATCH = YES;
				COPY_PHASE_STRIP = NO;
				DEBUG_INFORMATION_FORMAT = "dwarf-with-dsym";
				ENABLE_NS_ASSERTIONS = NO;
				ENABLE_STRICT_OBJC_MSGSEND = YES;
				ENABLE_USER_SCRIPT_SANDBOXING = YES;
				GCC_C_LANGUAGE_STANDARD = gnu17;
				GCC_NO_COMMON_BLOCKS = YES;
				GCC_WARN_64_TO_32_BIT_CONVERSION = YES;
				GCC_WARN_ABOUT_RETURN_TYPE = YES_ERROR;
				GCC_WARN_UNDECLARED_SELECTOR = YES;
				GCC_WARN_UNINITIALIZED_AUTOS = YES_AGGRESSIVE;
				GCC_WARN_UNUSED_FUNCTION = YES;
				GCC_WARN_UNUSED_VARIABLE = YES;
				LOCALIZATION_PREFERS_STRING_CATALOGS = YES;
				MACOSX_DEPLOYMENT_TARGET = 14.6;
				MTL_ENABLE_DEBUG_INFO = NO;
				MTL_FAST_MATH = YES;
				SDKROOT = macosx;
				SWIFT_COMPILATION_MODE = wholemodule;
			};
			name = Release;
		};
		96C7E1942D260F3700AD4C03 /* Debug */ = {
			isa = XCBuildConfiguration;
			buildSettings = {
				ASSETCATALOG_COMPILER_APPICON_NAME = AppIcon;
				ASSETCATALOG_COMPILER_GLOBAL_ACCENT_COLOR_NAME = AccentColor;
				CODE_SIGN_ENTITLEMENTS = WifiTester/WifiTester.entitlements;
				CODE_SIGN_STYLE = Automatic;
				COMBINE_HIDPI_IMAGES = YES;
				CURRENT_PROJECT_VERSION = 1;
				DEVELOPMENT_ASSET_PATHS = "\"WifiTester/Preview Content\"";
				DEVELOPMENT_TEAM = L979M8V7RW;
				ENABLE_HARDENED_RUNTIME = YES;
				ENABLE_PREVIEWS = YES;
				GENERATE_INFOPLIST_FILE = YES;
				INFOPLIST_FILE = WifiTester/Info.plist;
				INFOPLIST_KEY_NSHumanReadableCopyright = "";
				LD_RUNPATH_SEARCH_PATHS = (
					"$(inherited)",
					"@executable_path/../Frameworks",
				);
				MARKETING_VERSION = 1.0;
				PRODUCT_BUNDLE_IDENTIFIER = brody.WifiTester;
				PRODUCT_NAME = "$(TARGET_NAME)";
				SWIFT_EMIT_LOC_STRINGS = YES;
				SWIFT_VERSION = 5.0;
			};
			name = Debug;
		};
		96C7E1952D260F3700AD4C03 /* Release */ = {
			isa = XCBuildConfiguration;
			buildSettings = {
				ASSETCATALOG_COMPILER_APPICON_NAME = AppIcon;
				ASSETCATALOG_COMPILER_GLOBAL_ACCENT_COLOR_NAME = AccentColor;
				CODE_SIGN_ENTITLEMENTS = WifiTester/WifiTester.entitlements;
				CODE_SIGN_STYLE = Automatic;
				COMBINE_HIDPI_IMAGES = YES;
				CURRENT_PROJECT_VERSION = 1;
				DEVELOPMENT_ASSET_PATHS = "\"WifiTester/Preview Content\"";
				DEVELOPMENT_TEAM = L979M8V7RW;
				ENABLE_HARDENED_RUNTIME = YES;
				ENABLE_PREVIEWS = YES;
				GENERATE_INFOPLIST_FILE = YES;
				INFOPLIST_FILE = WifiTester/Info.plist;
				INFOPLIST_KEY_NSHumanReadableCopyright = "";
				LD_RUNPATH_SEARCH_PATHS = (
					"$(inherited)",
					"@executable_path/../Frameworks",
				);
				MARKETING_VERSION = 1.0;
				PRODUCT_BUNDLE_IDENTIFIER = brody.WifiTester;
				PRODUCT_NAME = "$(TARGET_NAME)";
				SWIFT_EMIT_LOC_STRINGS = YES;
				SWIFT_VERSION = 5.0;
			};
			name = Release;
		};
		96C7E1972D260F3700AD4C03 /* Debug */ = {
			isa = XCBuildConfiguration;
			buildSettings = {
				BUNDLE_LOADER = "$(TEST_HOST)";
				CODE_SIGN_STYLE = Automatic;
				CURRENT_PROJECT_VERSION = 1;
				DEVELOPMENT_TEAM = L979M8V7RW;
				GENERATE_INFOPLIST_FILE = YES;
				MACOSX_DEPLOYMENT_TARGET = 14.6;
				MARKETING_VERSION = 1.0;
				PRODUCT_BUNDLE_IDENTIFIER = brody.WifiTesterTests;
				PRODUCT_NAME = "$(TARGET_NAME)";
				SWIFT_EMIT_LOC_STRINGS = NO;
				SWIFT_VERSION = 5.0;
				TEST_HOST = "$(BUILT_PRODUCTS_DIR)/WifiTester.app/$(BUNDLE_EXECUTABLE_FOLDER_PATH)/WifiTester";
			};
			name = Debug;
		};
		96C7E1982D260F3700AD4C03 /* Release */ = {
			isa = XCBuildConfiguration;
			buildSettings = {
				BUNDLE_LOADER = "$(TEST_HOST)";
				CODE_SIGN_STYLE = Automatic;
				CURRENT_PROJECT_VERSION = 1;
				DEVELOPMENT_TEAM = L979M8V7RW;
				GENERATE_INFOPLIST_FILE = YES;
				MACOSX_DEPLOYMENT_TARGET = 14.6;
				MARKETING_VERSION = 1.0;
				PRODUCT_BUNDLE_IDENTIFIER = brody.WifiTesterTests;
				PRODUCT_NAME = "$(TARGET_NAME)";
				SWIFT_EMIT_LOC_STRINGS = NO;
				SWIFT_VERSION = 5.0;
				TEST_HOST = "$(BUILT_PRODUCTS_DIR)/WifiTester.app/$(BUNDLE_EXECUTABLE_FOLDER_PATH)/WifiTester";
			};
			name = Release;
		};
		96C7E19A2D260F3700AD4C03 /* Debug */ = {
			isa = XCBuildConfiguration;
			buildSettings = {
				CODE_SIGN_STYLE = Automatic;
				CURRENT_PROJECT_VERSION = 1;
				DEVELOPMENT_TEAM = L979M8V7RW;
				GENERATE_INFOPLIST_FILE = YES;
				MARKETING_VERSION = 1.0;
				PRODUCT_BUNDLE_IDENTIFIER = brody.WifiTesterUITests;
				PRODUCT_NAME = "$(TARGET_NAME)";
				SWIFT_EMIT_LOC_STRINGS = NO;
				SWIFT_VERSION = 5.0;
				TEST_TARGET_NAME = WifiTester;
			};
			name = Debug;
		};
		96C7E19B2D260F3700AD4C03 /* Release */ = {
			isa = XCBuildConfiguration;
			buildSettings = {
				CODE_SIGN_STYLE = Automatic;
				CURRENT_PROJECT_VERSION = 1;
				DEVELOPMENT_TEAM = L979M8V7RW;
				GENERATE_INFOPLIST_FILE = YES;
				MARKETING_VERSION = 1.0;
				PRODUCT_BUNDLE_IDENTIFIER = brody.WifiTesterUITests;
				PRODUCT_NAME = "$(TARGET_NAME)";
				SWIFT_EMIT_LOC_STRINGS = NO;
				SWIFT_VERSION = 5.0;
				TEST_TARGET_NAME = WifiTester;
			};
			name = Release;
		};
/* End XCBuildConfiguration section */

/* Begin XCConfigurationList section */
		96C7E1692D260F3500AD4C03 /* Build configuration list for PBXProject "WifiTester" */ = {
			isa = XCConfigurationList;
			buildConfigurations = (
				96C7E1912D260F3700AD4C03 /* Debug */,
				96C7E1922D260F3700AD4C03 /* Release */,
			);
			defaultConfigurationIsVisible = 0;
			defaultConfigurationName = Release;
		};
		96C7E1932D260F3700AD4C03 /* Build configuration list for PBXNativeTarget "WifiTester" */ = {
			isa = XCConfigurationList;
			buildConfigurations = (
				96C7E1942D260F3700AD4C03 /* Debug */,
				96C7E1952D260F3700AD4C03 /* Release */,
			);
			defaultConfigurationIsVisible = 0;
			defaultConfigurationName = Release;
		};
		96C7E1962D260F3700AD4C03 /* Build configuration list for PBXNativeTarget "WifiTesterTests" */ = {
			isa = XCConfigurationList;
			buildConfigurations = (
				96C7E1972D260F3700AD4C03 /* Debug */,
				96C7E1982D260F3700AD4C03 /* Release */,
			);
			defaultConfigurationIsVisible = 0;
			defaultConfigurationName = Release;
		};
		96C7E1992D260F3700AD4C03 /* Build configuration list for PBXNativeTarget "WifiTesterUITests" */ = {
			isa = XCConfigurationList;
			buildConfigurations = (
				96C7E19A2D260F3700AD4C03 /* Debug */,
				96C7E19B2D260F3700AD4C03 /* Release */,
			);
			defaultConfigurationIsVisible = 0;
			defaultConfigurationName = Release;
		};
/* End XCConfigurationList section */
	};
	rootObject = 96C7E1662D260F3500AD4C03 /* Project object */;
}
